# THIS IS AN AUTOGENERATED FILE. DO NOT EDIT THIS FILE DIRECTLY.
# yarn lockfile v1


colors@1.0.3:
  version "1.0.3"
  resolved "https://registry.yarnpkg.com/colors/-/colors-1.0.3.tgz#0433f44d809680fdeb60ed260f1b0c262e82a40b"
  integrity sha1-BDP0TYCWgP3rYO0mDxsMJi6CpAs=

ecstatic@~0.6.0:
  version "0.6.1"
  resolved "https://registry.yarnpkg.com/ecstatic/-/ecstatic-0.6.1.tgz#cc2a25256c122e359631c18f65af7c870338ca00"
  integrity sha1-zColJWwSLjWWMcGPZa98hwM4ygA=
  dependencies:
    he "^0.5.0"
    mime "^1.2.11"
    minimist "^1.1.0"

he@^0.5.0:
  version "0.5.0"
  resolved "https://registry.yarnpkg.com/he/-/he-0.5.0.tgz#2c05ffaef90b68e860f3fd2b54ef580989277ee2"
  integrity sha1-LAX/rvkLaOhg8/0rVO9YCYknfuI=

http-server@^0.7.4:
  version "0.7.5"
  resolved "https://registry.yarnpkg.com/http-server/-/http-server-0.7.5.tgz#b18bd1d838e78c30be8cf382e9342ebdd17a9fc3"
  integrity sha1-sYvR2DjnjDC+jPOC6TQuvdF6n8M=
  dependencies:
    colors "1.0.3"
    ecstatic "~0.6.0"
    opener "~1.4.0"
    optimist "0.6.x"
    portfinder "0.2.x"
    union "~0.4.3"

mime@^1.2.11:
  version "1.6.0"
  resolved "https://registry.yarnpkg.com/mime/-/mime-1.6.0.tgz#32cd9e5c64553bd58d19a568af452acff04981b1"
  integrity sha512-x0Vn8spI+wuJ1O6S7gnbaQg8Pxh4NNHb7KSINmEWKiPE4RKOplvijn+NkmYmmRgP68mc70j2EbeTFRsrswaQeg==

minimist@^1.1.0:
  version "1.2.0"
  resolved "https://registry.yarnpkg.com/minimist/-/minimist-1.2.0.tgz#a35008b20f41383eec1fb914f4cd5df79a264284"
  integrity sha1-o1AIsg9BOD7sH7kU9M1d95omQoQ=

minimist@~0.0.1:
  version "0.0.10"
  resolved "https://registry.yarnpkg.com/minimist/-/minimist-0.0.10.tgz#de3f98543dbf96082be48ad1a0c7cda836301dcf"
  integrity sha1-3j+YVD2/lggr5IrRoMfNqDYwHc8=

mkdirp@0.0.x:
  version "0.0.7"
  resolved "https://registry.yarnpkg.com/mkdirp/-/mkdirp-0.0.7.tgz#d89b4f0e4c3e5e5ca54235931675e094fe1a5072"
  integrity sha1-2JtPDkw+XlylQjWTFnXglP4aUHI=

opener@~1.4.0:
  version "1.4.3"
  resolved "https://registry.yarnpkg.com/opener/-/opener-1.4.3.tgz#5c6da2c5d7e5831e8ffa3964950f8d6674ac90b8"
  integrity sha1-XG2ixdflgx6P+jlklQ+NZnSskLg=

optimist@0.6.x:
  version "0.6.1"
  resolved "https://registry.yarnpkg.com/optimist/-/optimist-0.6.1.tgz#da3ea74686fa21a19a111c326e90eb15a0196686"
  integrity sha1-2j6nRob6IaGaERwybpDrFaAZZoY=
  dependencies:
    minimist "~0.0.1"
    wordwrap "~0.0.2"

portfinder@0.2.x:
  version "0.2.1"
  resolved "https://registry.yarnpkg.com/portfinder/-/portfinder-0.2.1.tgz#b2b9b0164f9e17fa3a9c7db2304d0a75140c71ad"
  integrity sha1-srmwFk+eF/o6nH2yME0KdRQMca0=
  dependencies:
    mkdirp "0.0.x"

qs@~2.3.3:
  version "2.3.3"
  resolved "https://registry.yarnpkg.com/qs/-/qs-2.3.3.tgz#e9e85adbe75da0bbe4c8e0476a086290f863b404"
  integrity sha1-6eha2+ddoLvkyOBHaghikPhjtAQ=

union@~0.4.3:
  version "0.4.6"
  resolved "https://registry.yarnpkg.com/union/-/union-0.4.6.tgz#198fbdaeba254e788b0efcb630bc11f24a2959e0"
  integrity sha1-GY+9rrolTniLDvy2MLwR8kopWeA=
  dependencies:
    qs "~2.3.3"

wordwrap@~0.0.2:
  version "0.0.3"
  resolved "https://registry.yarnpkg.com/wordwrap/-/wordwrap-0.0.3.tgz#a3d5da6cd5c0bc0008d37234bbaf1bed63059107"
  integrity sha1-o9XabNXAvAAI03I0u68b7WMFkQc=
